
Microsoft Visual Studio Solution File, Format Version 12.00
# Visual Studio Version 16
VisualStudioVersion = 16.0.30804.86
MinimumVisualStudioVersion = 10.0.40219.1
Project("{FAE04EC0-301F-11D3-BF4B-00C04F79EFBC}") = "SharpDNS", "SharpDNS\SharpDNS.csproj", "{2853E9A8-8C87-4F52-AEB8-FC581B6F98E6}"
EndProject
Global
	GlobalSection(SolutionConfigurationPlatforms) = preSolution
		Debug|Any CPU = Debug|Any CPU
		Release|Any CPU = Release|Any CPU
	EndGlobalSection
	GlobalSection(ProjectConfigurationPlatforms) = postSolution
		{2853E9A8-8C87-4F52-AEB8-FC581B6F98E6}.Debug|Any CPU.ActiveCfg = Debug|Any CPU
		{2853E9A8-8C87-4F52-AEB8-FC581B6F98E6}.Debug|Any CPU.Build.0 = Debug|Any CPU
		{2853E9A8-8C87-4F52-AEB8-FC581B6F98E6}.Release|Any CPU.ActiveCfg = Release|Any CPU
		{2853E9A8-8C87-4F52-AEB8-FC581B6F98E6}.Release|Any CPU.Build.0 = Release|Any CPU
	EndGlobalSection
	GlobalSection(SolutionProperties) = preSolution
		HideSolutionNode = FALSE
	EndGlobalSection
	GlobalSection(ExtensibilityGlobals) = postSolution
		SolutionGuid = {57EE1CF4-7701-49C2-B7EA-703A5464ADA8}
	EndGlobalSection
EndGlobal
